
Microsoft Visual Studio Solution File, Format Version 12.00
# Visual Studio Version 17
VisualStudioVersion = 17.5.002.0
MinimumVisualStudioVersion = 10.0.40219.1
Project("{9A19103F-16F7-4668-BE54-9A1E7A4F7556}") = "task00_квадратЧисла", "task00_квадратЧисла\task00_квадратЧисла.csproj", "{05736110-02D2-46D5-BD97-D13E48F4F0C5}"
EndProject
Project("{9A19103F-16F7-4668-BE54-9A1E7A4F7556}") = "task01", "task01\task01.csproj", "{A4E81EA8-0F9E-4332-9CF9-FB43233F072D}"
EndProject
Project("{9A19103F-16F7-4668-BE54-9A1E7A4F7556}") = "task02_HT", "task02_HT\task02_HT.csproj", "{BCE7672A-8530-409E-A430-3EE8C0F13818}"
EndProject
Project("{9A19103F-16F7-4668-BE54-9A1E7A4F7556}") = "task02", "task03\task02.csproj", "{A9AEDB6F-54FF-4A04-A3AC-08A8D3B6F433}"
EndProject
Project("{9A19103F-16F7-4668-BE54-9A1E7A4F7556}") = "task04_HT", "task04_HT\task04_HT.csproj", "{21487026-94A0-497A-893B-47C74E0A081E}"
EndProject
Project("{9A19103F-16F7-4668-BE54-9A1E7A4F7556}") = "task04", "task05\task04.csproj", "{9171C88C-D861-49F9-A0B3-D7F46235CD9F}"
EndProject
Project("{9A19103F-16F7-4668-BE54-9A1E7A4F7556}") = "task06_HT", "task06_HT\task06_HT.csproj", "{606309DF-0D24-4F2D-8AD3-5EBC856E0CCA}"
EndProject
Project("{9A19103F-16F7-4668-BE54-9A1E7A4F7556}") = "task07", "task07\task07.csproj", "{2CFCCEE3-B304-4462-999F-041F9E36D9F1}"
EndProject
Project("{9A19103F-16F7-4668-BE54-9A1E7A4F7556}") = "task08HT", "task08HT\task08HT.csproj", "{C64DF92F-80FD-44E9-A2DA-6E3E01A14CDE}"
EndProject
Project("{9A19103F-16F7-4668-BE54-9A1E7A4F7556}") = "task09", "task09\task09.csproj", "{F7161951-5176-49BB-B9A1-71551AF060B9}"
EndProject
Project("{9A19103F-16F7-4668-BE54-9A1E7A4F7556}") = "task10_HT", "task10_HT\task10_HT.csproj", "{79059812-FC4E-40DF-ABEC-4F9C775090C1}"
EndProject
Project("{9A19103F-16F7-4668-BE54-9A1E7A4F7556}") = "task11", "task11\task11.csproj", "{ED5063A7-6124-4FC5-ACF4-FD716AFB6782}"
EndProject
Project("{9A19103F-16F7-4668-BE54-9A1E7A4F7556}") = "task12", "task12\task12.csproj", "{193AFD18-5AF1-4FF1-8695-D89337389370}"
EndProject
Project("{9A19103F-16F7-4668-BE54-9A1E7A4F7556}") = "task13_HT", "task13_HT\task13_HT.csproj", "{CCF47577-65C9-446E-8D3B-F23CFF9757B9}"
EndProject
Project("{9A19103F-16F7-4668-BE54-9A1E7A4F7556}") = "task14", "task14\task14.csproj", "{152F7F7D-444F-49B9-B97C-AC1611D13436}"
EndProject
Project("{9A19103F-16F7-4668-BE54-9A1E7A4F7556}") = "task15_HT", "task15_HT\task15_HT.csproj", "{2D605529-C46F-4E07-B216-1605B5BA0DDD}"
EndProject
Project("{9A19103F-16F7-4668-BE54-9A1E7A4F7556}") = "task16", "task16\task16.csproj", "{B7D6BA11-D743-466A-8632-93512471F106}"
EndProject
Global
	GlobalSection(SolutionConfigurationPlatforms) = preSolution
		Debug|Any CPU = Debug|Any CPU
		Release|Any CPU = Release|Any CPU
	EndGlobalSection
	GlobalSection(ProjectConfigurationPlatforms) = postSolution
		{05736110-02D2-46D5-BD97-D13E48F4F0C5}.Debug|Any CPU.ActiveCfg = Debug|Any CPU
		{05736110-02D2-46D5-BD97-D13E48F4F0C5}.Debug|Any CPU.Build.0 = Debug|Any CPU
		{05736110-02D2-46D5-BD97-D13E48F4F0C5}.Release|Any CPU.ActiveCfg = Release|Any CPU
		{05736110-02D2-46D5-BD97-D13E48F4F0C5}.Release|Any CPU.Build.0 = Release|Any CPU
		{A4E81EA8-0F9E-4332-9CF9-FB43233F072D}.Debug|Any CPU.ActiveCfg = Debug|Any CPU
		{A4E81EA8-0F9E-4332-9CF9-FB43233F072D}.Debug|Any CPU.Build.0 = Debug|Any CPU
		{A4E81EA8-0F9E-4332-9CF9-FB43233F072D}.Release|Any CPU.ActiveCfg = Release|Any CPU
		{A4E81EA8-0F9E-4332-9CF9-FB43233F072D}.Release|Any CPU.Build.0 = Release|Any CPU
		{BCE7672A-8530-409E-A430-3EE8C0F13818}.Debug|Any CPU.ActiveCfg = Debug|Any CPU
		{BCE7672A-8530-409E-A430-3EE8C0F13818}.Debug|Any CPU.Build.0 = Debug|Any CPU
		{BCE7672A-8530-409E-A430-3EE8C0F13818}.Release|Any CPU.ActiveCfg = Release|Any CPU
		{BCE7672A-8530-409E-A430-3EE8C0F13818}.Release|Any CPU.Build.0 = Release|Any CPU
		{A9AEDB6F-54FF-4A04-A3AC-08A8D3B6F433}.Debug|Any CPU.ActiveCfg = Debug|Any CPU
		{A9AEDB6F-54FF-4A04-A3AC-08A8D3B6F433}.Debug|Any CPU.Build.0 = Debug|Any CPU
		{A9AEDB6F-54FF-4A04-A3AC-08A8D3B6F433}.Release|Any CPU.ActiveCfg = Release|Any CPU
		{A9AEDB6F-54FF-4A04-A3AC-08A8D3B6F433}.Release|Any CPU.Build.0 = Release|Any CPU
		{21487026-94A0-497A-893B-47C74E0A081E}.Debug|Any CPU.ActiveCfg = Debug|Any CPU
		{21487026-94A0-497A-893B-47C74E0A081E}.Debug|Any CPU.Build.0 = Debug|Any CPU
		{21487026-94A0-497A-893B-47C74E0A081E}.Release|Any CPU.ActiveCfg = Release|Any CPU
		{21487026-94A0-497A-893B-47C74E0A081E}.Release|Any CPU.Build.0 = Release|Any CPU
		{9171C88C-D861-49F9-A0B3-D7F46235CD9F}.Debug|Any CPU.ActiveCfg = Debug|Any CPU
		{9171C88C-D861-49F9-A0B3-D7F46235CD9F}.Debug|Any CPU.Build.0 = Debug|Any CPU
		{9171C88C-D861-49F9-A0B3-D7F46235CD9F}.Release|Any CPU.ActiveCfg = Release|Any CPU
		{9171C88C-D861-49F9-A0B3-D7F46235CD9F}.Release|Any CPU.Build.0 = Release|Any CPU
		{606309DF-0D24-4F2D-8AD3-5EBC856E0CCA}.Debug|Any CPU.ActiveCfg = Debug|Any CPU
		{606309DF-0D24-4F2D-8AD3-5EBC856E0CCA}.Debug|Any CPU.Build.0 = Debug|Any CPU
		{606309DF-0D24-4F2D-8AD3-5EBC856E0CCA}.Release|Any CPU.ActiveCfg = Release|Any CPU
		{606309DF-0D24-4F2D-8AD3-5EBC856E0CCA}.Release|Any CPU.Build.0 = Release|Any CPU
		{2CFCCEE3-B304-4462-999F-041F9E36D9F1}.Debug|Any CPU.ActiveCfg = Debug|Any CPU
		{2CFCCEE3-B304-4462-999F-041F9E36D9F1}.Debug|Any CPU.Build.0 = Debug|Any CPU
		{2CFCCEE3-B304-4462-999F-041F9E36D9F1}.Release|Any CPU.ActiveCfg = Release|Any CPU
		{2CFCCEE3-B304-4462-999F-041F9E36D9F1}.Release|Any CPU.Build.0 = Release|Any CPU
		{C64DF92F-80FD-44E9-A2DA-6E3E01A14CDE}.Debug|Any CPU.ActiveCfg = Debug|Any CPU
		{C64DF92F-80FD-44E9-A2DA-6E3E01A14CDE}.Debug|Any CPU.Build.0 = Debug|Any CPU
		{C64DF92F-80FD-44E9-A2DA-6E3E01A14CDE}.Release|Any CPU.ActiveCfg = Release|Any CPU
		{C64DF92F-80FD-44E9-A2DA-6E3E01A14CDE}.Release|Any CPU.Build.0 = Release|Any CPU
		{F7161951-5176-49BB-B9A1-71551AF060B9}.Debug|Any CPU.ActiveCfg = Debug|Any CPU
		{F7161951-5176-49BB-B9A1-71551AF060B9}.Debug|Any CPU.Build.0 = Debug|Any CPU
		{F7161951-5176-49BB-B9A1-71551AF060B9}.Release|Any CPU.ActiveCfg = Release|Any CPU
		{F7161951-5176-49BB-B9A1-71551AF060B9}.Release|Any CPU.Build.0 = Release|Any CPU
		{79059812-FC4E-40DF-ABEC-4F9C775090C1}.Debug|Any CPU.ActiveCfg = Debug|Any CPU
		{79059812-FC4E-40DF-ABEC-4F9C775090C1}.Debug|Any CPU.Build.0 = Debug|Any CPU
		{79059812-FC4E-40DF-ABEC-4F9C775090C1}.Release|Any CPU.ActiveCfg = Release|Any CPU
		{79059812-FC4E-40DF-ABEC-4F9C775090C1}.Release|Any CPU.Build.0 = Release|Any CPU
		{ED5063A7-6124-4FC5-ACF4-FD716AFB6782}.Debug|Any CPU.ActiveCfg = Debug|Any CPU
		{ED5063A7-6124-4FC5-ACF4-FD716AFB6782}.Debug|Any CPU.Build.0 = Debug|Any CPU
		{ED5063A7-6124-4FC5-ACF4-FD716AFB6782}.Release|Any CPU.ActiveCfg = Release|Any CPU
		{ED5063A7-6124-4FC5-ACF4-FD716AFB6782}.Release|Any CPU.Build.0 = Release|Any CPU
		{193AFD18-5AF1-4FF1-8695-D89337389370}.Debug|Any CPU.ActiveCfg = Debug|Any CPU
		{193AFD18-5AF1-4FF1-8695-D89337389370}.Debug|Any CPU.Build.0 = Debug|Any CPU
		{193AFD18-5AF1-4FF1-8695-D89337389370}.Release|Any CPU.ActiveCfg = Release|Any CPU
		{193AFD18-5AF1-4FF1-8695-D89337389370}.Release|Any CPU.Build.0 = Release|Any CPU
		{CCF47577-65C9-446E-8D3B-F23CFF9757B9}.Debug|Any CPU.ActiveCfg = Debug|Any CPU
		{CCF47577-65C9-446E-8D3B-F23CFF9757B9}.Debug|Any CPU.Build.0 = Debug|Any CPU
		{CCF47577-65C9-446E-8D3B-F23CFF9757B9}.Release|Any CPU.ActiveCfg = Release|Any CPU
		{CCF47577-65C9-446E-8D3B-F23CFF9757B9}.Release|Any CPU.Build.0 = Release|Any CPU
		{152F7F7D-444F-49B9-B97C-AC1611D13436}.Debug|Any CPU.ActiveCfg = Debug|Any CPU
		{152F7F7D-444F-49B9-B97C-AC1611D13436}.Debug|Any CPU.Build.0 = Debug|Any CPU
		{152F7F7D-444F-49B9-B97C-AC1611D13436}.Release|Any CPU.ActiveCfg = Release|Any CPU
		{152F7F7D-444F-49B9-B97C-AC1611D13436}.Release|Any CPU.Build.0 = Release|Any CPU
		{2D605529-C46F-4E07-B216-1605B5BA0DDD}.Debug|Any CPU.ActiveCfg = Debug|Any CPU
		{2D605529-C46F-4E07-B216-1605B5BA0DDD}.Debug|Any CPU.Build.0 = Debug|Any CPU
		{2D605529-C46F-4E07-B216-1605B5BA0DDD}.Release|Any CPU.ActiveCfg = Release|Any CPU
		{2D605529-C46F-4E07-B216-1605B5BA0DDD}.Release|Any CPU.Build.0 = Release|Any CPU
		{B7D6BA11-D743-466A-8632-93512471F106}.Debug|Any CPU.ActiveCfg = Debug|Any CPU
		{B7D6BA11-D743-466A-8632-93512471F106}.Debug|Any CPU.Build.0 = Debug|Any CPU
		{B7D6BA11-D743-466A-8632-93512471F106}.Release|Any CPU.ActiveCfg = Release|Any CPU
		{B7D6BA11-D743-466A-8632-93512471F106}.Release|Any CPU.Build.0 = Release|Any CPU
	EndGlobalSection
	GlobalSection(SolutionProperties) = preSolution
		HideSolutionNode = FALSE
	EndGlobalSection
	GlobalSection(ExtensibilityGlobals) = postSolution
		SolutionGuid = {4196A9E0-9F7B-4A64-9261-DB2C5BEDB74C}
	EndGlobalSection
EndGlobal
